
Microsoft Visual Studio Solution File, Format Version 12.00
# Visual Studio 15
VisualStudioVersion = 15.0.25807.0
MinimumVisualStudioVersion = 10.0.40219.1
Project("{2150E333-8FDC-42A3-9474-1A3956D46DE8}") = "Engine", "Engine", "{56069858-CE71-49EB-B3C1-8CCE845C0636}"
EndProject
Project("{2150E333-8FDC-42A3-9474-1A3956D46DE8}") = "Games", "Games", "{82D2E9EA-A35D-490E-8CB5-7A422BA4E2E5}"
EndProject
Project("{8BC9CEB8-8B4A-11D0-8D11-00A0C91BC942}") = "UE4", "Intermediate\ProjectFiles\UE4.vcxproj", "{9015F971-2BCB-4300-BA8E-A45C9D37A91C}"
EndProject
Project("{8BC9CEB8-8B4A-11D0-8D11-00A0C91BC942}") = "ThirdPersonMP", "Intermediate\ProjectFiles\ThirdPersonMP.vcxproj", "{DD32E3B1-4879-481A-98B7-4B182100B9BF}"
EndProject
Project("{2150E333-8FDC-42A3-9474-1A3956D46DE8}") = "Visualizers", "Visualizers", "{2DAE5999-E73D-4AD9-8201-CF543CE275B6}"
	ProjectSection(SolutionItems) = preProject
		..\..\..\..\..\..\Program Files\Epic Games\UE_4.24\Engine\Extras\VisualStudioDebugging\UE4.natvis = ..\..\..\..\..\..\Program Files\Epic Games\UE_4.24\Engine\Extras\VisualStudioDebugging\UE4.natvis
	EndProjectSection
EndProject
Global
	GlobalSection(SolutionConfigurationPlatforms) = preSolution
		DebugGame Editor|Win32 = DebugGame Editor|Win32
		DebugGame Editor|Win64 = DebugGame Editor|Win64
		DebugGame|Win32 = DebugGame|Win32
		DebugGame|Win64 = DebugGame|Win64
		Development Editor|Win32 = Development Editor|Win32
		Development Editor|Win64 = Development Editor|Win64
		Development|Win32 = Development|Win32
		Development|Win64 = Development|Win64
		Shipping|Win32 = Shipping|Win32
		Shipping|Win64 = Shipping|Win64
	EndGlobalSection
	GlobalSection(ProjectConfigurationPlatforms) = postSolution
		{9015F971-2BCB-4300-BA8E-A45C9D37A91C}.DebugGame Editor|Win32.ActiveCfg = BuiltWithUnrealBuildTool|Win32
		{9015F971-2BCB-4300-BA8E-A45C9D37A91C}.DebugGame Editor|Win64.ActiveCfg = BuiltWithUnrealBuildTool|Win32
		{9015F971-2BCB-4300-BA8E-A45C9D37A91C}.DebugGame|Win32.ActiveCfg = BuiltWithUnrealBuildTool|Win32
		{9015F971-2BCB-4300-BA8E-A45C9D37A91C}.DebugGame|Win64.ActiveCfg = BuiltWithUnrealBuildTool|Win32
		{9015F971-2BCB-4300-BA8E-A45C9D37A91C}.Development Editor|Win32.ActiveCfg = BuiltWithUnrealBuildTool|Win32
		{9015F971-2BCB-4300-BA8E-A45C9D37A91C}.Development Editor|Win64.ActiveCfg = BuiltWithUnrealBuildTool|Win32
		{9015F971-2BCB-4300-BA8E-A45C9D37A91C}.Development|Win32.ActiveCfg = BuiltWithUnrealBuildTool|Win32
		{9015F971-2BCB-4300-BA8E-A45C9D37A91C}.Development|Win64.ActiveCfg = BuiltWithUnrealBuildTool|Win32
		{9015F971-2BCB-4300-BA8E-A45C9D37A91C}.Shipping|Win32.ActiveCfg = BuiltWithUnrealBuildTool|Win32
		{9015F971-2BCB-4300-BA8E-A45C9D37A91C}.Shipping|Win64.ActiveCfg = BuiltWithUnrealBuildTool|Win32
		{DD32E3B1-4879-481A-98B7-4B182100B9BF}.DebugGame Editor|Win32.ActiveCfg = Invalid|Win32
		{DD32E3B1-4879-481A-98B7-4B182100B9BF}.DebugGame Editor|Win64.ActiveCfg = DebugGame_Editor|x64
		{DD32E3B1-4879-481A-98B7-4B182100B9BF}.DebugGame Editor|Win64.Build.0 = DebugGame_Editor|x64
		{DD32E3B1-4879-481A-98B7-4B182100B9BF}.DebugGame|Win32.ActiveCfg = DebugGame|Win32
		{DD32E3B1-4879-481A-98B7-4B182100B9BF}.DebugGame|Win32.Build.0 = DebugGame|Win32
		{DD32E3B1-4879-481A-98B7-4B182100B9BF}.DebugGame|Win64.ActiveCfg = DebugGame|x64
		{DD32E3B1-4879-481A-98B7-4B182100B9BF}.DebugGame|Win64.Build.0 = DebugGame|x64
		{DD32E3B1-4879-481A-98B7-4B182100B9BF}.Development Editor|Win32.ActiveCfg = Invalid|Win32
		{DD32E3B1-4879-481A-98B7-4B182100B9BF}.Development Editor|Win64.ActiveCfg = Development_Editor|x64
		{DD32E3B1-4879-481A-98B7-4B182100B9BF}.Development Editor|Win64.Build.0 = Development_Editor|x64
		{DD32E3B1-4879-481A-98B7-4B182100B9BF}.Development|Win32.ActiveCfg = Development|Win32
		{DD32E3B1-4879-481A-98B7-4B182100B9BF}.Development|Win32.Build.0 = Development|Win32
		{DD32E3B1-4879-481A-98B7-4B182100B9BF}.Development|Win64.ActiveCfg = Development|x64
		{DD32E3B1-4879-481A-98B7-4B182100B9BF}.Development|Win64.Build.0 = Development|x64
		{DD32E3B1-4879-481A-98B7-4B182100B9BF}.Shipping|Win32.ActiveCfg = Shipping|Win32
		{DD32E3B1-4879-481A-98B7-4B182100B9BF}.Shipping|Win32.Build.0 = Shipping|Win32
		{DD32E3B1-4879-481A-98B7-4B182100B9BF}.Shipping|Win64.ActiveCfg = Shipping|x64
		{DD32E3B1-4879-481A-98B7-4B182100B9BF}.Shipping|Win64.Build.0 = Shipping|x64
	EndGlobalSection
	GlobalSection(SolutionProperties) = preSolution
		HideSolutionNode = FALSE
	EndGlobalSection
	GlobalSection(NestedProjects) = preSolution
		{9015F971-2BCB-4300-BA8E-A45C9D37A91C} = {56069858-CE71-49EB-B3C1-8CCE845C0636}
		{DD32E3B1-4879-481A-98B7-4B182100B9BF} = {82D2E9EA-A35D-490E-8CB5-7A422BA4E2E5}
	EndGlobalSection
EndGlobal
